
Microsoft Visual Studio Solution File, Format Version 12.00
# Visual Studio Version 17
VisualStudioVersion = 17.3.32825.248
MinimumVisualStudioVersion = 10.0.40219.1
Project("{FAE04EC0-301F-11D3-BF4B-00C04F79EFBC}") = "AzureSec2_13", "AzureSec2_13\AzureSec2_13.csproj", "{CFE93CC9-EB79-4A84-8563-20B035766767}"
EndProject
Global
	GlobalSection(SolutionConfigurationPlatforms) = preSolution
		Debug|Any CPU = Debug|Any CPU
		Release|Any CPU = Release|Any CPU
	EndGlobalSection
	GlobalSection(ProjectConfigurationPlatforms) = postSolution
		{CFE93CC9-EB79-4A84-8563-20B035766767}.Debug|Any CPU.ActiveCfg = Debug|Any CPU
		{CFE93CC9-EB79-4A84-8563-20B035766767}.Debug|Any CPU.Build.0 = Debug|Any CPU
		{CFE93CC9-EB79-4A84-8563-20B035766767}.Release|Any CPU.ActiveCfg = Release|Any CPU
		{CFE93CC9-EB79-4A84-8563-20B035766767}.Release|Any CPU.Build.0 = Release|Any CPU
	EndGlobalSection
	GlobalSection(SolutionProperties) = preSolution
		HideSolutionNode = FALSE
	EndGlobalSection
	GlobalSection(ExtensibilityGlobals) = postSolution
		SolutionGuid = {503EF8BE-8C3F-4EBB-91B2-1C39F83B2815}
	EndGlobalSection
EndGlobal
